
Microsoft Visual Studio Solution File, Format Version 12.00
# Visual Studio Version 17
VisualStudioVersion = 17.6.33815.320
MinimumVisualStudioVersion = 10.0.40219.1
Project("{FAE04EC0-301F-11D3-BF4B-00C04F79EFBC}") = "WebApi", "WebApi\WebApi.csproj", "{73C69800-F3E4-48EA-8784-AC04FF40259A}"
EndProject
Global
	GlobalSection(SolutionConfigurationPlatforms) = preSolution
		Debug|Any CPU = Debug|Any CPU
		Release|Any CPU = Release|Any CPU
	EndGlobalSection
	GlobalSection(ProjectConfigurationPlatforms) = postSolution
		{73C69800-F3E4-48EA-8784-AC04FF40259A}.Debug|Any CPU.ActiveCfg = Debug|Any CPU
		{73C69800-F3E4-48EA-8784-AC04FF40259A}.Debug|Any CPU.Build.0 = Debug|Any CPU
		{73C69800-F3E4-48EA-8784-AC04FF40259A}.Release|Any CPU.ActiveCfg = Release|Any CPU
		{73C69800-F3E4-48EA-8784-AC04FF40259A}.Release|Any CPU.Build.0 = Release|Any CPU
	EndGlobalSection
	GlobalSection(SolutionProperties) = preSolution
		HideSolutionNode = FALSE
	EndGlobalSection
	GlobalSection(ExtensibilityGlobals) = postSolution
		SolutionGuid = {FD331004-6B6C-4C72-BD7B-1505B2FBD6CC}
	EndGlobalSection
EndGlobal
